// !$*UTF8*$!
{
	archiveVersion = 1;
	classes = {
	};
	objectVersion = 50;
	objects = {

/* Begin PBXBuildFile section */
		A776F4A021D0DD95006736C9 /* AppDelegate.swift in Sources */ = {isa = PBXBuildFile; fileRef = A776F49F21D0DD95006736C9 /* AppDelegate.swift */; };
		A776F4A221D0DD95006736C9 /* ViewController.swift in Sources */ = {isa = PBXBuildFile; fileRef = A776F4A121D0DD95006736C9 /* ViewController.swift */; };
		A776F4A421D0DD97006736C9 /* Assets.xcassets in Resources */ = {isa = PBXBuildFile; fileRef = A776F4A321D0DD97006736C9 /* Assets.xcassets */; };
		A776F4A721D0DD97006736C9 /* Main.storyboard in Resources */ = {isa = PBXBuildFile; fileRef = A776F4A521D0DD97006736C9 /* Main.storyboard */; };
		A776F4B021D0DF58006736C9 /* KeyFileModel.swift in Sources */ = {isa = PBXBuildFile; fileRef = A776F4AF21D0DF58006736C9 /* KeyFileModel.swift */; };
		A776F4B221D0E66B006736C9 /* KeyManager.swift in Sources */ = {isa = PBXBuildFile; fileRef = A776F4B121D0E66B006736C9 /* KeyManager.swift */; };
		A776F4B821D39AB7006736C9 /* String+extension.swift in Sources */ = {isa = PBXBuildFile; fileRef = A776F4B721D39AB7006736C9 /* String+extension.swift */; };
		A776F4BA21D3A78A006736C9 /* AppleScriptManager.swift in Sources */ = {isa = PBXBuildFile; fileRef = A776F4B921D3A78A006736C9 /* AppleScriptManager.swift */; };
		A776F4BC21D3A7F8006736C9 /* WebsocketChecker.swift in Sources */ = {isa = PBXBuildFile; fileRef = A776F4BB21D3A7F8006736C9 /* WebsocketChecker.swift */; };
		A7910FF922146DC7001C6761 /* libkeychain_common.a in Frameworks */ = {isa = PBXBuildFile; fileRef = A7910FF822146DC7001C6761 /* libkeychain_common.a */; };
		A7910FFB22146DDE001C6761 /* libfc_light.a in Frameworks */ = {isa = PBXBuildFile; fileRef = A7910FFA22146DDE001C6761 /* libfc_light.a */; };
		A7910FFD22146DE8001C6761 /* libeth-crypto.a in Frameworks */ = {isa = PBXBuildFile; fileRef = A7910FFC22146DE8001C6761 /* libeth-crypto.a */; };
		A7910FFF22146DF7001C6761 /* libethash.a in Frameworks */ = {isa = PBXBuildFile; fileRef = A7910FFE22146DF7001C6761 /* libethash.a */; };
		A791100122146E04001C6761 /* libsecp256k1.a in Frameworks */ = {isa = PBXBuildFile; fileRef = A791100022146E04001C6761 /* libsecp256k1.a */; };
		A791100422147903001C6761 /* CPlusPlusBridger.mm in Sources */ = {isa = PBXBuildFile; fileRef = A791100322147903001C6761 /* CPlusPlusBridger.mm */; };
		A79110182215A682001C6761 /* libkaitai_struct_cpp_stl_runtime.a in Frameworks */ = {isa = PBXBuildFile; fileRef = A79110172215A682001C6761 /* libkaitai_struct_cpp_stl_runtime.a */; };
		A791101B2215AB48001C6761 /* Key.m in Sources */ = {isa = PBXBuildFile; fileRef = A791101A2215AB48001C6761 /* Key.m */; };
		A79523712215B05300078EE5 /* SYFlatButton.m in Sources */ = {isa = PBXBuildFile; fileRef = A79523702215B05300078EE5 /* SYFlatButton.m */; };
		A79523772215B36600078EE5 /* WindowController.m in Sources */ = {isa = PBXBuildFile; fileRef = A79523762215B36600078EE5 /* WindowController.m */; };
		A79523792215B55100078EE5 /* CreateKeyVC.swift in Sources */ = {isa = PBXBuildFile; fileRef = A79523782215B55100078EE5 /* CreateKeyVC.swift */; };
		A79F78BA21F89D0400E2C184 /* HexToRgbColor.mm in Sources */ = {isa = PBXBuildFile; fileRef = A79F78B921F89D0400E2C184 /* HexToRgbColor.mm */; };
		A79F78BC21F8A17900E2C184 /* TableRowView.swift in Sources */ = {isa = PBXBuildFile; fileRef = A79F78BB21F8A17900E2C184 /* TableRowView.swift */; };
		AD6703CBBAA6B5EB11907AA8 /* Pods_KeyManager.framework in Frameworks */ = {isa = PBXBuildFile; fileRef = 130888C1592515A58F013398 /* Pods_KeyManager.framework */; };
/* End PBXBuildFile section */

/* Begin PBXFileReference section */
		130888C1592515A58F013398 /* Pods_KeyManager.framework */ = {isa = PBXFileReference; explicitFileType = wrapper.framework; includeInIndex = 0; path = Pods_KeyManager.framework; sourceTree = BUILT_PRODUCTS_DIR; };
		188A215C60F625DB886DF7B7 /* Pods-KeyManager.release.xcconfig */ = {isa = PBXFileReference; includeInIndex = 1; lastKnownFileType = text.xcconfig; name = "Pods-KeyManager.release.xcconfig"; path = "Pods/Target Support Files/Pods-KeyManager/Pods-KeyManager.release.xcconfig"; sourceTree = "<group>"; };
		9E7F5FE43CEBFF8FE8BEDA2F /* Pods-KeyManager.debug.xcconfig */ = {isa = PBXFileReference; includeInIndex = 1; lastKnownFileType = text.xcconfig; name = "Pods-KeyManager.debug.xcconfig"; path = "Pods/Target Support Files/Pods-KeyManager/Pods-KeyManager.debug.xcconfig"; sourceTree = "<group>"; };
		A776F49C21D0DD95006736C9 /* KeyManager.app */ = {isa = PBXFileReference; explicitFileType = wrapper.application; includeInIndex = 0; path = KeyManager.app; sourceTree = BUILT_PRODUCTS_DIR; };
		A776F49F21D0DD95006736C9 /* AppDelegate.swift */ = {isa = PBXFileReference; lastKnownFileType = sourcecode.swift; path = AppDelegate.swift; sourceTree = "<group>"; };
		A776F4A121D0DD95006736C9 /* ViewController.swift */ = {isa = PBXFileReference; lastKnownFileType = sourcecode.swift; path = ViewController.swift; sourceTree = "<group>"; };
		A776F4A321D0DD97006736C9 /* Assets.xcassets */ = {isa = PBXFileReference; lastKnownFileType = folder.assetcatalog; path = Assets.xcassets; sourceTree = "<group>"; };
		A776F4A621D0DD97006736C9 /* Base */ = {isa = PBXFileReference; lastKnownFileType = file.storyboard; name = Base; path = Base.lproj/Main.storyboard; sourceTree = "<group>"; };
		A776F4A821D0DD97006736C9 /* Info.plist */ = {isa = PBXFileReference; lastKnownFileType = text.plist.xml; path = Info.plist; sourceTree = "<group>"; };
		A776F4A921D0DD97006736C9 /* KeyManager.entitlements */ = {isa = PBXFileReference; lastKnownFileType = text.plist.entitlements; path = KeyManager.entitlements; sourceTree = "<group>"; };
		A776F4AF21D0DF58006736C9 /* KeyFileModel.swift */ = {isa = PBXFileReference; lastKnownFileType = sourcecode.swift; path = KeyFileModel.swift; sourceTree = "<group>"; };
		A776F4B121D0E66B006736C9 /* KeyManager.swift */ = {isa = PBXFileReference; lastKnownFileType = sourcecode.swift; path = KeyManager.swift; sourceTree = "<group>"; };
		A776F4B721D39AB7006736C9 /* String+extension.swift */ = {isa = PBXFileReference; lastKnownFileType = sourcecode.swift; path = "String+extension.swift"; sourceTree = "<group>"; };
		A776F4B921D3A78A006736C9 /* AppleScriptManager.swift */ = {isa = PBXFileReference; fileEncoding = 4; lastKnownFileType = sourcecode.swift; path = AppleScriptManager.swift; sourceTree = "<group>"; };
		A776F4BB21D3A7F8006736C9 /* WebsocketChecker.swift */ = {isa = PBXFileReference; lastKnownFileType = sourcecode.swift; path = WebsocketChecker.swift; sourceTree = "<group>"; };
		A7910FF822146DC7001C6761 /* libkeychain_common.a */ = {isa = PBXFileReference; lastKnownFileType = archive.ar; path = libkeychain_common.a; sourceTree = "<group>"; };
		A7910FFA22146DDE001C6761 /* libfc_light.a */ = {isa = PBXFileReference; lastKnownFileType = archive.ar; path = libfc_light.a; sourceTree = "<group>"; };
		A7910FFC22146DE8001C6761 /* libeth-crypto.a */ = {isa = PBXFileReference; lastKnownFileType = archive.ar; path = "libeth-crypto.a"; sourceTree = "<group>"; };
		A7910FFE22146DF7001C6761 /* libethash.a */ = {isa = PBXFileReference; lastKnownFileType = archive.ar; path = libethash.a; sourceTree = "<group>"; };
		A791100022146E04001C6761 /* libsecp256k1.a */ = {isa = PBXFileReference; lastKnownFileType = archive.ar; path = libsecp256k1.a; sourceTree = "<group>"; };
		A791100222147903001C6761 /* CPlusPlusBridger.h */ = {isa = PBXFileReference; lastKnownFileType = sourcecode.c.h; path = CPlusPlusBridger.h; sourceTree = "<group>"; };
		A791100322147903001C6761 /* CPlusPlusBridger.mm */ = {isa = PBXFileReference; lastKnownFileType = sourcecode.cpp.objcpp; path = CPlusPlusBridger.mm; sourceTree = "<group>"; };
		A79110172215A682001C6761 /* libkaitai_struct_cpp_stl_runtime.a */ = {isa = PBXFileReference; lastKnownFileType = archive.ar; path = libkaitai_struct_cpp_stl_runtime.a; sourceTree = "<group>"; };
		A79110192215AB48001C6761 /* Key.h */ = {isa = PBXFileReference; lastKnownFileType = sourcecode.c.h; path = Key.h; sourceTree = "<group>"; };
		A791101A2215AB48001C6761 /* Key.m */ = {isa = PBXFileReference; lastKnownFileType = sourcecode.c.objc; path = Key.m; sourceTree = "<group>"; };
		A795236F2215B05300078EE5 /* SYFlatButton.h */ = {isa = PBXFileReference; fileEncoding = 4; lastKnownFileType = sourcecode.c.h; name = SYFlatButton.h; path = ../../keychain_mac/SYFlatButton.h; sourceTree = "<group>"; };
		A79523702215B05300078EE5 /* SYFlatButton.m */ = {isa = PBXFileReference; fileEncoding = 4; lastKnownFileType = sourcecode.c.objc; name = SYFlatButton.m; path = ../../keychain_mac/SYFlatButton.m; sourceTree = "<group>"; };
		A79523752215B36600078EE5 /* WindowController.h */ = {isa = PBXFileReference; lastKnownFileType = sourcecode.c.h; path = WindowController.h; sourceTree = "<group>"; };
		A79523762215B36600078EE5 /* WindowController.m */ = {isa = PBXFileReference; lastKnownFileType = sourcecode.c.objc; path = WindowController.m; sourceTree = "<group>"; };
		A79523782215B55100078EE5 /* CreateKeyVC.swift */ = {isa = PBXFileReference; lastKnownFileType = sourcecode.swift; path = CreateKeyVC.swift; sourceTree = "<group>"; };
		A79F78B721F89D0300E2C184 /* KeyManager-Bridging-Header.h */ = {isa = PBXFileReference; lastKnownFileType = sourcecode.c.h; path = "KeyManager-Bridging-Header.h"; sourceTree = "<group>"; };
		A79F78B821F89D0400E2C184 /* HexToRgbColor.h */ = {isa = PBXFileReference; fileEncoding = 4; lastKnownFileType = sourcecode.c.h; path = HexToRgbColor.h; sourceTree = "<group>"; };
		A79F78B921F89D0400E2C184 /* HexToRgbColor.mm */ = {isa = PBXFileReference; fileEncoding = 4; lastKnownFileType = sourcecode.cpp.objcpp; path = HexToRgbColor.mm; sourceTree = "<group>"; };
		A79F78BB21F8A17900E2C184 /* TableRowView.swift */ = {isa = PBXFileReference; lastKnownFileType = sourcecode.swift; path = TableRowView.swift; sourceTree = "<group>"; };
/* End PBXFileReference section */

/* Begin PBXFrameworksBuildPhase section */
		A776F49921D0DD95006736C9 /* Frameworks */ = {
			isa = PBXFrameworksBuildPhase;
			buildActionMask = 2147483647;
			files = (
				A7910FFD22146DE8001C6761 /* libeth-crypto.a in Frameworks */,
				A7910FF922146DC7001C6761 /* libkeychain_common.a in Frameworks */,
				A791100122146E04001C6761 /* libsecp256k1.a in Frameworks */,
				AD6703CBBAA6B5EB11907AA8 /* Pods_KeyManager.framework in Frameworks */,
				A79110182215A682001C6761 /* libkaitai_struct_cpp_stl_runtime.a in Frameworks */,
				A7910FFF22146DF7001C6761 /* libethash.a in Frameworks */,
				A7910FFB22146DDE001C6761 /* libfc_light.a in Frameworks */,
			);
			runOnlyForDeploymentPostprocessing = 0;
		};
/* End PBXFrameworksBuildPhase section */

/* Begin PBXGroup section */
		368A9D57B9DB04311291C1BB /* Pods */ = {
			isa = PBXGroup;
			children = (
				9E7F5FE43CEBFF8FE8BEDA2F /* Pods-KeyManager.debug.xcconfig */,
				188A215C60F625DB886DF7B7 /* Pods-KeyManager.release.xcconfig */,
			);
			name = Pods;
			sourceTree = "<group>";
		};
		A776F49321D0DD95006736C9 = {
			isa = PBXGroup;
			children = (
				A776F49E21D0DD95006736C9 /* KeyManager */,
				A776F49D21D0DD95006736C9 /* Products */,
				368A9D57B9DB04311291C1BB /* Pods */,
				F73689D206923AF1FA7A3A0E /* Frameworks */,
			);
			sourceTree = "<group>";
		};
		A776F49D21D0DD95006736C9 /* Products */ = {
			isa = PBXGroup;
			children = (
				A776F49C21D0DD95006736C9 /* KeyManager.app */,
			);
			name = Products;
			sourceTree = "<group>";
		};
		A776F49E21D0DD95006736C9 /* KeyManager */ = {
			isa = PBXGroup;
			children = (
				A776F49F21D0DD95006736C9 /* AppDelegate.swift */,
				A79523752215B36600078EE5 /* WindowController.h */,
				A79523762215B36600078EE5 /* WindowController.m */,
				A776F4A121D0DD95006736C9 /* ViewController.swift */,
				A776F4BB21D3A7F8006736C9 /* WebsocketChecker.swift */,
				A79F78BB21F8A17900E2C184 /* TableRowView.swift */,
				A79523782215B55100078EE5 /* CreateKeyVC.swift */,
				A776F4A321D0DD97006736C9 /* Assets.xcassets */,
				A776F4A521D0DD97006736C9 /* Main.storyboard */,
				A776F4A821D0DD97006736C9 /* Info.plist */,
				A776F4A921D0DD97006736C9 /* KeyManager.entitlements */,
				A776F4AF21D0DF58006736C9 /* KeyFileModel.swift */,
				A776F4B121D0E66B006736C9 /* KeyManager.swift */,
				A776F4B721D39AB7006736C9 /* String+extension.swift */,
				A776F4B921D3A78A006736C9 /* AppleScriptManager.swift */,
				A795236F2215B05300078EE5 /* SYFlatButton.h */,
				A79523702215B05300078EE5 /* SYFlatButton.m */,
				A791100222147903001C6761 /* CPlusPlusBridger.h */,
				A791100322147903001C6761 /* CPlusPlusBridger.mm */,
				A79110192215AB48001C6761 /* Key.h */,
				A791101A2215AB48001C6761 /* Key.m */,
				A79F78B821F89D0400E2C184 /* HexToRgbColor.h */,
				A79F78B921F89D0400E2C184 /* HexToRgbColor.mm */,
				A79F78B721F89D0300E2C184 /* KeyManager-Bridging-Header.h */,
			);
			path = KeyManager;
			sourceTree = "<group>";
		};
		F73689D206923AF1FA7A3A0E /* Frameworks */ = {
			isa = PBXGroup;
			children = (
				A79110172215A682001C6761 /* libkaitai_struct_cpp_stl_runtime.a */,
				A791100022146E04001C6761 /* libsecp256k1.a */,
				A7910FFE22146DF7001C6761 /* libethash.a */,
				A7910FFC22146DE8001C6761 /* libeth-crypto.a */,
				A7910FF822146DC7001C6761 /* libkeychain_common.a */,
				A7910FFA22146DDE001C6761 /* libfc_light.a */,
				130888C1592515A58F013398 /* Pods_KeyManager.framework */,
			);
			name = Frameworks;
			sourceTree = "<group>";
		};
/* End PBXGroup section */

/* Begin PBXNativeTarget section */
		A776F49B21D0DD95006736C9 /* KeyManager */ = {
			isa = PBXNativeTarget;
			buildConfigurationList = A776F4AC21D0DD97006736C9 /* Build configuration list for PBXNativeTarget "KeyManager" */;
			buildPhases = (
				4DAB4937D96294647D1C4E6F /* [CP] Check Pods Manifest.lock */,
				A776F49821D0DD95006736C9 /* Sources */,
				A776F49921D0DD95006736C9 /* Frameworks */,
				A776F49A21D0DD95006736C9 /* Resources */,
				4E78683ECFE60E4C180EB408 /* [CP] Embed Pods Frameworks */,
				A78BBE0B2209B2FC007A5BB4 /* ShellScript */,
			);
			buildRules = (
			);
			dependencies = (
			);
			name = KeyManager;
			productName = KeyManager;
			productReference = A776F49C21D0DD95006736C9 /* KeyManager.app */;
			productType = "com.apple.product-type.application";
		};
/* End PBXNativeTarget section */

/* Begin PBXProject section */
		A776F49421D0DD95006736C9 /* Project object */ = {
			isa = PBXProject;
			attributes = {
				LastSwiftUpdateCheck = 1010;
				LastUpgradeCheck = 1010;
				ORGANIZATIONNAME = "Mikhail Lutskii";
				TargetAttributes = {
					A776F49B21D0DD95006736C9 = {
						CreatedOnToolsVersion = 10.1;
						LastSwiftMigration = 1010;
					};
				};
			};
			buildConfigurationList = A776F49721D0DD95006736C9 /* Build configuration list for PBXProject "KeyManager" */;
			compatibilityVersion = "Xcode 9.3";
			developmentRegion = en;
			hasScannedForEncodings = 0;
			knownRegions = (
				en,
				Base,
			);
			mainGroup = A776F49321D0DD95006736C9;
			productRefGroup = A776F49D21D0DD95006736C9 /* Products */;
			projectDirPath = "";
			projectRoot = "";
			targets = (
				A776F49B21D0DD95006736C9 /* KeyManager */,
			);
		};
/* End PBXProject section */

/* Begin PBXResourcesBuildPhase section */
		A776F49A21D0DD95006736C9 /* Resources */ = {
			isa = PBXResourcesBuildPhase;
			buildActionMask = 2147483647;
			files = (
				A776F4A421D0DD97006736C9 /* Assets.xcassets in Resources */,
				A776F4A721D0DD97006736C9 /* Main.storyboard in Resources */,
			);
			runOnlyForDeploymentPostprocessing = 0;
		};
/* End PBXResourcesBuildPhase section */

/* Begin PBXShellScriptBuildPhase section */
		4DAB4937D96294647D1C4E6F /* [CP] Check Pods Manifest.lock */ = {
			isa = PBXShellScriptBuildPhase;
			buildActionMask = 2147483647;
			files = (
			);
			inputPaths = (
				"${PODS_PODFILE_DIR_PATH}/Podfile.lock",
				"${PODS_ROOT}/Manifest.lock",
			);
			name = "[CP] Check Pods Manifest.lock";
			outputPaths = (
				"$(DERIVED_FILE_DIR)/Pods-KeyManager-checkManifestLockResult.txt",
			);
			runOnlyForDeploymentPostprocessing = 0;
			shellPath = /bin/sh;
			shellScript = "diff \"${PODS_PODFILE_DIR_PATH}/Podfile.lock\" \"${PODS_ROOT}/Manifest.lock\" > /dev/null\nif [ $? != 0 ] ; then\n    # print error to STDERR\n    echo \"error: The sandbox is not in sync with the Podfile.lock. Run 'pod install' or update your CocoaPods installation.\" >&2\n    exit 1\nfi\n# This output is used by Xcode 'outputs' to avoid re-running this script phase.\necho \"SUCCESS\" > \"${SCRIPT_OUTPUT_FILE_0}\"\n";
			showEnvVarsInLog = 0;
		};
		4E78683ECFE60E4C180EB408 /* [CP] Embed Pods Frameworks */ = {
			isa = PBXShellScriptBuildPhase;
			buildActionMask = 2147483647;
			files = (
			);
			inputPaths = (
				"${SRCROOT}/Pods/Target Support Files/Pods-KeyManager/Pods-KeyManager-frameworks.sh",
				"${BUILT_PRODUCTS_DIR}/ObjectMapper/ObjectMapper.framework",
			);
			name = "[CP] Embed Pods Frameworks";
			outputPaths = (
				"${TARGET_BUILD_DIR}/${FRAMEWORKS_FOLDER_PATH}/ObjectMapper.framework",
			);
			runOnlyForDeploymentPostprocessing = 0;
			shellPath = /bin/sh;
			shellScript = "\"${SRCROOT}/Pods/Target Support Files/Pods-KeyManager/Pods-KeyManager-frameworks.sh\"\n";
			showEnvVarsInLog = 0;
		};
		A78BBE0B2209B2FC007A5BB4 /* ShellScript */ = {
			isa = PBXShellScriptBuildPhase;
			buildActionMask = 2147483647;
			files = (
			);
			inputFileListPaths = (
			);
			inputPaths = (
			);
			outputFileListPaths = (
			);
			outputPaths = (
			);
			runOnlyForDeploymentPostprocessing = 0;
			shellPath = /bin/sh;
			shellScript = "# Type a script or drag a script file from your workspace to insert its path.\n";
		};
/* End PBXShellScriptBuildPhase section */

/* Begin PBXSourcesBuildPhase section */
		A776F49821D0DD95006736C9 /* Sources */ = {
			isa = PBXSourcesBuildPhase;
			buildActionMask = 2147483647;
			files = (
				A791101B2215AB48001C6761 /* Key.m in Sources */,
				A79523772215B36600078EE5 /* WindowController.m in Sources */,
				A776F4A221D0DD95006736C9 /* ViewController.swift in Sources */,
				A776F4BC21D3A7F8006736C9 /* WebsocketChecker.swift in Sources */,
				A776F4B821D39AB7006736C9 /* String+extension.swift in Sources */,
				A776F4A021D0DD95006736C9 /* AppDelegate.swift in Sources */,
				A79F78BA21F89D0400E2C184 /* HexToRgbColor.mm in Sources */,
				A776F4B021D0DF58006736C9 /* KeyFileModel.swift in Sources */,
				A79523792215B55100078EE5 /* CreateKeyVC.swift in Sources */,
				A776F4B221D0E66B006736C9 /* KeyManager.swift in Sources */,
				A79523712215B05300078EE5 /* SYFlatButton.m in Sources */,
				A776F4BA21D3A78A006736C9 /* AppleScriptManager.swift in Sources */,
				A79F78BC21F8A17900E2C184 /* TableRowView.swift in Sources */,
				A791100422147903001C6761 /* CPlusPlusBridger.mm in Sources */,
			);
			runOnlyForDeploymentPostprocessing = 0;
		};
/* End PBXSourcesBuildPhase section */

/* Begin PBXVariantGroup section */
		A776F4A521D0DD97006736C9 /* Main.storyboard */ = {
			isa = PBXVariantGroup;
			children = (
				A776F4A621D0DD97006736C9 /* Base */,
			);
			name = Main.storyboard;
			sourceTree = "<group>";
		};
/* End PBXVariantGroup section */

/* Begin XCBuildConfiguration section */
		A776F4AA21D0DD97006736C9 /* Debug */ = {
			isa = XCBuildConfiguration;
			buildSettings = {
				ALWAYS_SEARCH_USER_PATHS = NO;
				CLANG_ANALYZER_NONNULL = YES;
				CLANG_ANALYZER_NUMBER_OBJECT_CONVERSION = YES_AGGRESSIVE;
				CLANG_CXX_LANGUAGE_STANDARD = "gnu++14";
				CLANG_CXX_LIBRARY = "libc++";
				CLANG_ENABLE_MODULES = YES;
				CLANG_ENABLE_OBJC_ARC = YES;
				CLANG_ENABLE_OBJC_WEAK = YES;
				CLANG_WARN_BLOCK_CAPTURE_AUTORELEASING = YES;
				CLANG_WARN_BOOL_CONVERSION = YES;
				CLANG_WARN_COMMA = YES;
				CLANG_WARN_CONSTANT_CONVERSION = YES;
				CLANG_WARN_DEPRECATED_OBJC_IMPLEMENTATIONS = YES;
				CLANG_WARN_DIRECT_OBJC_ISA_USAGE = YES_ERROR;
				CLANG_WARN_DOCUMENTATION_COMMENTS = YES;
				CLANG_WARN_EMPTY_BODY = YES;
				CLANG_WARN_ENUM_CONVERSION = YES;
				CLANG_WARN_INFINITE_RECURSION = YES;
				CLANG_WARN_INT_CONVERSION = YES;
				CLANG_WARN_NON_LITERAL_NULL_CONVERSION = YES;
				CLANG_WARN_OBJC_IMPLICIT_RETAIN_SELF = YES;
				CLANG_WARN_OBJC_LITERAL_CONVERSION = YES;
				CLANG_WARN_OBJC_ROOT_CLASS = YES_ERROR;
				CLANG_WARN_RANGE_LOOP_ANALYSIS = YES;
				CLANG_WARN_STRICT_PROTOTYPES = YES;
				CLANG_WARN_SUSPICIOUS_MOVE = YES;
				CLANG_WARN_UNGUARDED_AVAILABILITY = YES_AGGRESSIVE;
				CLANG_WARN_UNREACHABLE_CODE = YES;
				CLANG_WARN__DUPLICATE_METHOD_MATCH = YES;
				CODE_SIGN_IDENTITY = "Mac Developer";
				COPY_PHASE_STRIP = NO;
				DEBUG_INFORMATION_FORMAT = dwarf;
				ENABLE_STRICT_OBJC_MSGSEND = YES;
				ENABLE_TESTABILITY = YES;
				GCC_C_LANGUAGE_STANDARD = gnu11;
				GCC_DYNAMIC_NO_PIC = NO;
				GCC_NO_COMMON_BLOCKS = YES;
				GCC_OPTIMIZATION_LEVEL = 0;
				GCC_PREPROCESSOR_DEFINITIONS = (
					"DEBUG=1",
					"$(inherited)",
				);
				GCC_WARN_64_TO_32_BIT_CONVERSION = YES;
				GCC_WARN_ABOUT_RETURN_TYPE = YES_ERROR;
				GCC_WARN_UNDECLARED_SELECTOR = YES;
				GCC_WARN_UNINITIALIZED_AUTOS = YES_AGGRESSIVE;
				GCC_WARN_UNUSED_FUNCTION = YES;
				GCC_WARN_UNUSED_VARIABLE = YES;
				MACOSX_DEPLOYMENT_TARGET = 10.14;
				MTL_ENABLE_DEBUG_INFO = INCLUDE_SOURCE;
				MTL_FAST_MATH = YES;
				ONLY_ACTIVE_ARCH = YES;
				SDKROOT = macosx;
				SWIFT_ACTIVE_COMPILATION_CONDITIONS = DEBUG;
				SWIFT_OPTIMIZATION_LEVEL = "-Onone";
			};
			name = Debug;
		};
		A776F4AB21D0DD97006736C9 /* Release */ = {
			isa = XCBuildConfiguration;
			buildSettings = {
				ALWAYS_SEARCH_USER_PATHS = NO;
				CLANG_ANALYZER_NONNULL = YES;
				CLANG_ANALYZER_NUMBER_OBJECT_CONVERSION = YES_AGGRESSIVE;
				CLANG_CXX_LANGUAGE_STANDARD = "gnu++14";
				CLANG_CXX_LIBRARY = "libc++";
				CLANG_ENABLE_MODULES = YES;
				CLANG_ENABLE_OBJC_ARC = YES;
				CLANG_ENABLE_OBJC_WEAK = YES;
				CLANG_WARN_BLOCK_CAPTURE_AUTORELEASING = YES;
				CLANG_WARN_BOOL_CONVERSION = YES;
				CLANG_WARN_COMMA = YES;
				CLANG_WARN_CONSTANT_CONVERSION = YES;
				CLANG_WARN_DEPRECATED_OBJC_IMPLEMENTATIONS = YES;
				CLANG_WARN_DIRECT_OBJC_ISA_USAGE = YES_ERROR;
				CLANG_WARN_DOCUMENTATION_COMMENTS = YES;
				CLANG_WARN_EMPTY_BODY = YES;
				CLANG_WARN_ENUM_CONVERSION = YES;
				CLANG_WARN_INFINITE_RECURSION = YES;
				CLANG_WARN_INT_CONVERSION = YES;
				CLANG_WARN_NON_LITERAL_NULL_CONVERSION = YES;
				CLANG_WARN_OBJC_IMPLICIT_RETAIN_SELF = YES;
				CLANG_WARN_OBJC_LITERAL_CONVERSION = YES;
				CLANG_WARN_OBJC_ROOT_CLASS = YES_ERROR;
				CLANG_WARN_RANGE_LOOP_ANALYSIS = YES;
				CLANG_WARN_STRICT_PROTOTYPES = YES;
				CLANG_WARN_SUSPICIOUS_MOVE = YES;
				CLANG_WARN_UNGUARDED_AVAILABILITY = YES_AGGRESSIVE;
				CLANG_WARN_UNREACHABLE_CODE = YES;
				CLANG_WARN__DUPLICATE_METHOD_MATCH = YES;
				CODE_SIGN_IDENTITY = "Mac Developer";
				COPY_PHASE_STRIP = NO;
				DEBUG_INFORMATION_FORMAT = "dwarf-with-dsym";
				ENABLE_NS_ASSERTIONS = NO;
				ENABLE_STRICT_OBJC_MSGSEND = YES;
				GCC_C_LANGUAGE_STANDARD = gnu11;
				GCC_NO_COMMON_BLOCKS = YES;
				GCC_WARN_64_TO_32_BIT_CONVERSION = YES;
				GCC_WARN_ABOUT_RETURN_TYPE = YES_ERROR;
				GCC_WARN_UNDECLARED_SELECTOR = YES;
				GCC_WARN_UNINITIALIZED_AUTOS = YES_AGGRESSIVE;
				GCC_WARN_UNUSED_FUNCTION = YES;
				GCC_WARN_UNUSED_VARIABLE = YES;
				MACOSX_DEPLOYMENT_TARGET = 10.14;
				MTL_ENABLE_DEBUG_INFO = NO;
				MTL_FAST_MATH = YES;
				SDKROOT = macosx;
				SWIFT_COMPILATION_MODE = wholemodule;
				SWIFT_OPTIMIZATION_LEVEL = "-O";
			};
			name = Release;
		};
		A776F4AD21D0DD97006736C9 /* Debug */ = {
			isa = XCBuildConfiguration;
			baseConfigurationReference = 9E7F5FE43CEBFF8FE8BEDA2F /* Pods-KeyManager.debug.xcconfig */;
			buildSettings = {
				ASSETCATALOG_COMPILER_APPICON_NAME = AppIcon;
				CLANG_CXX_LANGUAGE_STANDARD = "c++17";
				CLANG_CXX_LIBRARY = "libc++";
				CLANG_ENABLE_MODULES = YES;
				CODE_SIGN_ENTITLEMENTS = KeyManager/KeyManager.entitlements;
				CODE_SIGN_IDENTITY = "Mac Developer";
				CODE_SIGN_STYLE = Automatic;
				COMBINE_HIDPI_IMAGES = YES;
				DEVELOPMENT_TEAM = 8YBKQD6YZD;
				GCC_C_LANGUAGE_STANDARD = gnu11;
				HEADER_SEARCH_PATHS = (
					../keychain_lib/include,
					"../libraries/eth-crypto/include",
					../libraries/fc_light/include,
					../libraries/secp256k1/include,
					/usr/local/include,
					"/Users/mikhaillutskiy/openssl-install/include",
					../libraries/secp256k1_ext/include,
					../libraries/kaitai_struct_cpp_stl_runtime,
				);
				INFOPLIST_FILE = KeyManager/Info.plist;
				LD_RUNPATH_SEARCH_PATHS = (
					"$(inherited)",
					"@executable_path/../Frameworks",
				);
				LIBRARY_SEARCH_PATHS = (
					"$(inherited)",
					"$(PROJECT_DIR)",
				);
				OTHER_CPLUSPLUSFLAGS = (
					"$(OTHER_CFLAGS)",
					"-std=c++14",
					"-v",
				);
				OTHER_LDFLAGS = (
					"$(inherited)",
					"-framework",
					"\"ObjectMapper\"",
					libsecp256k1.a,
					"/usr/local/lib/libboost_log-mt.a",
					"/usr/local/lib/libboost_date_time-mt.a",
					"/usr/local/lib/libboost_system-mt.a",
					"/usr/local/lib/libboost_filesystem-mt.a",
					"/usr/local/lib/libboost_program_options-mt.a",
					"/usr/local/lib/libboost_serialization-mt.a",
					"/usr/local/lib/libboost_chrono-mt.a",
					"/usr/local/lib/libboost_unit_test_framework-mt.a",
					"/usr/local/lib/libboost_locale-mt.a",
					"/usr/local/lib/libboost_thread-mt.a",
					"/usr/local/lib/libboost_exception-mt.a",
					"/Users/mikhaillutskiy/openssl-install/lib/libcrypto.a",
					"/usr/local/lib/libboost_iostreams-mt.a",
					"/usr/local/lib/libboost_log_setup-mt.a",
					"/usr/local/lib/libboost_regex-mt.a",
					"/usr/local/lib/libboost_atomic-mt.a",
					"/Users/mikhaillutskiy/openssl-install/lib/libssl.a",
					/usr/lib/libc.dylib,
					libkaitai_struct_cpp_stl_runtime.a,
				);
				PRODUCT_BUNDLE_IDENTIFIER = ru.lwts.KeyManager;
				PRODUCT_NAME = "$(TARGET_NAME)";
				PROVISIONING_PROFILE_SPECIFIER = "";
				SWIFT_OBJC_BRIDGING_HEADER = "KeyManager/KeyManager-Bridging-Header.h";
				SWIFT_OPTIMIZATION_LEVEL = "-Onone";
				SWIFT_VERSION = 4.2;
			};
			name = Debug;
		};
		A776F4AE21D0DD97006736C9 /* Release */ = {
			isa = XCBuildConfiguration;
			baseConfigurationReference = 188A215C60F625DB886DF7B7 /* Pods-KeyManager.release.xcconfig */;
			buildSettings = {
				ASSETCATALOG_COMPILER_APPICON_NAME = AppIcon;
				CLANG_CXX_LANGUAGE_STANDARD = "c++17";
				CLANG_CXX_LIBRARY = "libc++";
				CLANG_ENABLE_MODULES = YES;
				CODE_SIGN_ENTITLEMENTS = KeyManager/KeyManager.entitlements;
				CODE_SIGN_IDENTITY = "Mac Developer";
				CODE_SIGN_STYLE = Automatic;
				COMBINE_HIDPI_IMAGES = YES;
				DEVELOPMENT_TEAM = 8YBKQD6YZD;
				GCC_C_LANGUAGE_STANDARD = gnu11;
				HEADER_SEARCH_PATHS = (
					../keychain_lib/include,
					"../libraries/eth-crypto/include",
					../libraries/fc_light/include,
					../libraries/secp256k1/include,
					/usr/local/include,
					"/Users/mikhaillutskiy/openssl-install/include",
					../libraries/secp256k1_ext/include,
					../libraries/kaitai_struct_cpp_stl_runtime,
				);
				INFOPLIST_FILE = KeyManager/Info.plist;
				LD_RUNPATH_SEARCH_PATHS = (
					"$(inherited)",
					"@executable_path/../Frameworks",
				);
				LIBRARY_SEARCH_PATHS = (
					"$(inherited)",
					"$(PROJECT_DIR)",
				);
				OTHER_CPLUSPLUSFLAGS = (
					"$(OTHER_CFLAGS)",
					"-std=c++14",
				);
				OTHER_LDFLAGS = (
					"$(inherited)",
					"-framework",
					"\"ObjectMapper\"",
					libsecp256k1.a,
					"/usr/local/lib/libboost_log-mt.a",
					"/usr/local/lib/libboost_date_time-mt.a",
					"/usr/local/lib/libboost_system-mt.a",
					"/usr/local/lib/libboost_filesystem-mt.a",
					"/usr/local/lib/libboost_program_options-mt.a",
					"/usr/local/lib/libboost_serialization-mt.a",
					"/usr/local/lib/libboost_chrono-mt.a",
					"/usr/local/lib/libboost_unit_test_framework-mt.a",
					"/usr/local/lib/libboost_locale-mt.a",
					"/usr/local/lib/libboost_thread-mt.a",
					"/usr/local/lib/libboost_exception-mt.a",
					"/Users/mikhaillutskiy/openssl-install/lib/libcrypto.a",
					"/usr/local/lib/libboost_iostreams-mt.a",
					"/usr/local/lib/libboost_log_setup-mt.a",
					"/usr/local/lib/libboost_regex-mt.a",
					"/usr/local/lib/libboost_atomic-mt.a",
					"/Users/mikhaillutskiy/openssl-install/lib/libssl.a",
					/usr/lib/libc.dylib,
					libkaitai_struct_cpp_stl_runtime.a,
				);
				PRODUCT_BUNDLE_IDENTIFIER = ru.lwts.KeyManager;
				PRODUCT_NAME = "$(TARGET_NAME)";
				PROVISIONING_PROFILE_SPECIFIER = "";
				SWIFT_OBJC_BRIDGING_HEADER = "KeyManager/KeyManager-Bridging-Header.h";
				SWIFT_VERSION = 4.2;
			};
			name = Release;
		};
/* End XCBuildConfiguration section */

/* Begin XCConfigurationList section */
		A776F49721D0DD95006736C9 /* Build configuration list for PBXProject "KeyManager" */ = {
			isa = XCConfigurationList;
			buildConfigurations = (
				A776F4AA21D0DD97006736C9 /* Debug */,
				A776F4AB21D0DD97006736C9 /* Release */,
			);
			defaultConfigurationIsVisible = 0;
			defaultConfigurationName = Release;
		};
		A776F4AC21D0DD97006736C9 /* Build configuration list for PBXNativeTarget "KeyManager" */ = {
			isa = XCConfigurationList;
			buildConfigurations = (
				A776F4AD21D0DD97006736C9 /* Debug */,
				A776F4AE21D0DD97006736C9 /* Release */,
			);
			defaultConfigurationIsVisible = 0;
			defaultConfigurationName = Release;
		};
/* End XCConfigurationList section */
	};
	rootObject = A776F49421D0DD95006736C9 /* Project object */;
}
